github.com/StefMa/hugo-fresh v1.2.1-0.20251001111512-5cd3737fb8cf h1:5qtQ8iy5KXE4ncGSqLR3zGc+lQzP0JopPS0bRnoFVAc=
github.com/StefMa/hugo-fresh v1.2.1-0.20251001111512-5cd3737fb8cf/go.mod h1:yRzHyco0bfnITjvq7rfAiOADfGMrDlM0kXeKBllUJEc=
github.com/jgthms/bulma v0.0.0-20220508134905-3e00a8e6d0d0/go.mod h1:89FLBKXYFKfOKAoDeUT26V0pHGwzr205cMXAEqtAVOI=
github.com/jgthms/bulma v0.0.0-20250627162832-82c5f33b96e8 h1:7sEfy3zGkDCq8ahI5rtWI0RJEgCpZPuE/J/2gC2Fixw=
github.com/jgthms/bulma v0.0.0-20250627162832-82c5f33b96e8/go.mod h1:89FLBKXYFKfOKAoDeUT26V0pHGwzr205cMXAEqtAVOI=
